PODS:
  - background_fetch (1.2.0):
    - Flutter
  - background_location (0.0.1):
    - Flutter
  - background_locator (0.0.1):
    - Flutter
  - CocoaLumberjack (3.7.4):
    - CocoaLumberjack/Core (= 3.7.4)
  - CocoaLumberjack/Core (3.7.4)
  - Flutter (1.0.0)
  - flutter_background_geolocation (4.11.1):
    - CocoaLumberjack (~> 3.7.2)
    - Flutter
  - geolocator_apple (1.2.0):
    - Flutter
  - isar_flutter_libs (1.0.0):
    - Flutter
  - location (0.0.1):
    - Flutter
  - path_provider_foundation (0.0.1):
    - Flutter
    - FlutterMacOS

DEPENDENCIES:
  - background_fetch (from `.symlinks/plugins/background_fetch/ios`)
  - background_location (from `.symlinks/plugins/background_location/ios`)
  - background_locator (from `.symlinks/plugins/background_locator/ios`)
  - Flutter (from `Flutter`)
  - flutter_background_geolocation (from `.symlinks/plugins/flutter_background_geolocation/ios`)
  - geolocator_apple (from `.symlinks/plugins/geolocator_apple/ios`)
  - isar_flutter_libs (from `.symlinks/plugins/isar_flutter_libs/ios`)
  - location (from `.symlinks/plugins/location/ios`)
  - path_provider_foundation (from `.symlinks/plugins/path_provider_foundation/darwin`)

SPEC REPOS:
  trunk:
    - CocoaLumberjack

EXTERNAL SOURCES:
  background_fetch:
    :path: ".symlinks/plugins/background_fetch/ios"
  background_location:
    :path: ".symlinks/plugins/background_location/ios"
  background_locator:
    :path: ".symlinks/plugins/background_locator/ios"
  Flutter:
    :path: Flutter
  flutter_background_geolocation:
    :path: ".symlinks/plugins/flutter_background_geolocation/ios"
  geolocator_apple:
    :path: ".symlinks/plugins/geolocator_apple/ios"
  isar_flutter_libs:
    :path: ".symlinks/plugins/isar_flutter_libs/ios"
  location:
    :path: ".symlinks/plugins/location/ios"
  path_provider_foundation:
    :path: ".symlinks/plugins/path_provider_foundation/darwin"

SPEC CHECKSUMS:
  background_fetch: 79229f3677f19e1851b8e46d051720842e25a7fc
  background_location: 1b80c1fe3abd9912bca298618f6e365abf6f588f
  background_locator: d8daad218f2282920654de8a649b430d75c218d9
  CocoaLumberjack: 543c79c114dadc3b1aba95641d8738b06b05b646
  Flutter: f04841e97a9d0b0a8025694d0796dd46242b2854
  flutter_background_geolocation: cbf42fef11105bc568488a103116ccfd3f099788
  geolocator_apple: cc556e6844d508c95df1e87e3ea6fa4e58c50401
  isar_flutter_libs: b69f437aeab9c521821c3f376198c4371fa21073
  location: d5cf8598915965547c3f36761ae9cc4f4e87d22e
  path_provider_foundation: 29f094ae23ebbca9d3d0cec13889cd9060c0e943

PODFILE CHECKSUM: 70d9d25280d0dd177a5f637cdb0f0b0b12c6a189

COCOAPODS: 1.11.3
